{
  "version": 4,
  "terraform_version": "1.5.7",
  "serial": 27,
  "lineage": "2ed2bebd-b510-2ada-dfdc-4f26561fc0ef",
  "outputs": {},
  "resources": [
    {
      "mode": "managed",
      "type": "google_dataproc_cluster",
      "name": "mycluster",
      "provider": "provider[\"registry.terraform.io/hashicorp/google\"]",
      "instances": [
        {
          "schema_version": 0,
          "attributes": {
            "cluster_config": [
              {
                "autoscaling_config": [],
                "bucket": "dataproc-staging-us-central1-488838915295-uvkahntr",
                "dataproc_metric_config": [],
                "encryption_config": [],
                "endpoint_config": [
                  {
                    "enable_http_port_access": false,
                    "http_ports": {}
                  }
                ],
                "gce_cluster_config": [
                  {
                    "internal_ip_only": false,
                    "metadata": {},
                    "network": "https://www.googleapis.com/compute/v1/projects/spark-etl-407013/global/networks/default",
                    "node_group_affinity": [],
                    "reservation_affinity": [],
                    "service_account": "",
                    "service_account_scopes": [
                      "https://www.googleapis.com/auth/cloud-platform"
                    ],
                    "shielded_instance_config": [
                      {
                        "enable_integrity_monitoring": true,
                        "enable_secure_boot": true,
                        "enable_vtpm": true
                      }
                    ],
                    "subnetwork": "",
                    "tags": [],
                    "zone": "us-central1-f"
                  }
                ],
                "initialization_action": [],
                "lifecycle_config": [],
                "master_config": [
                  {
                    "accelerators": [],
                    "disk_config": [
                      {
                        "boot_disk_size_gb": 30,
                        "boot_disk_type": "pd-standard",
                        "num_local_ssds": 0
                      }
                    ],
                    "image_uri": "https://www.googleapis.com/compute/v1/projects/cloud-dataproc/global/images/dataproc-2-1-deb11-20231128-155100-rc01",
                    "instance_names": [
                      "mycluster-m"
                    ],
                    "machine_type": "e2-standard-2",
                    "min_cpu_platform": "AUTOMATIC",
                    "num_instances": 1
                  }
                ],
                "metastore_config": [],
                "preemptible_worker_config": [
                  {
                    "disk_config": [
                      {
                        "boot_disk_size_gb": 0,
                        "boot_disk_type": "pd-standard",
                        "num_local_ssds": 0
                      }
                    ],
                    "instance_names": [],
                    "num_instances": 0,
                    "preemptibility": ""
                  }
                ],
                "security_config": [],
                "software_config": [
                  {
                    "image_version": "2.1.33-debian11",
                    "optional_components": [
                      "JUPYTER"
                    ],
                    "override_properties": {},
                    "properties": {
                      "capacity-scheduler:yarn.scheduler.capacity.root.default.ordering-policy": "fair",
                      "core:fs.gs.block.size": "134217728",
                      "core:fs.gs.metadata.cache.enable": "false",
                      "core:hadoop.ssl.enabled.protocols": "TLSv1,TLSv1.1,TLSv1.2",
                      "distcp:mapreduce.map.java.opts": "-Xmx576m",
                      "distcp:mapreduce.map.memory.mb": "768",
                      "distcp:mapreduce.reduce.java.opts": "-Xmx576m",
                      "distcp:mapreduce.reduce.memory.mb": "768",
                      "hadoop-env:HADOOP_DATANODE_OPTS": "-Xmx512m",
                      "hdfs:dfs.datanode.address": "0.0.0.0:9866",
                      "hdfs:dfs.datanode.http.address": "0.0.0.0:9864",
                      "hdfs:dfs.datanode.https.address": "0.0.0.0:9865",
                      "hdfs:dfs.datanode.ipc.address": "0.0.0.0:9867",
                      "hdfs:dfs.namenode.handler.count": "20",
                      "hdfs:dfs.namenode.http-address": "0.0.0.0:9870",
                      "hdfs:dfs.namenode.https-address": "0.0.0.0:9871",
                      "hdfs:dfs.namenode.lifeline.rpc-address": "mycluster-m:8050",
                      "hdfs:dfs.namenode.secondary.http-address": "0.0.0.0:9868",
                      "hdfs:dfs.namenode.secondary.https-address": "0.0.0.0:9869",
                      "hdfs:dfs.namenode.service.handler.count": "10",
                      "hdfs:dfs.namenode.servicerpc-address": "mycluster-m:8051",
                      "mapred-env:HADOOP_JOB_HISTORYSERVER_HEAPSIZE": "2048",
                      "mapred:mapreduce.job.maps": "9",
                      "mapred:mapreduce.job.reduce.slowstart.completedmaps": "0.95",
                      "mapred:mapreduce.job.reduces": "3",
                      "mapred:mapreduce.jobhistory.recovery.store.class": "org.apache.hadoop.mapreduce.v2.hs.HistoryServerLeveldbStateStoreService",
                      "mapred:mapreduce.map.cpu.vcores": "1",
                      "mapred:mapreduce.map.java.opts": "-Xmx2621m",
                      "mapred:mapreduce.map.memory.mb": "3277",
                      "mapred:mapreduce.reduce.cpu.vcores": "1",
                      "mapred:mapreduce.reduce.java.opts": "-Xmx2621m",
                      "mapred:mapreduce.reduce.memory.mb": "3277",
                      "mapred:mapreduce.task.io.sort.mb": "256",
                      "mapred:yarn.app.mapreduce.am.command-opts": "-Xmx2621m",
                      "mapred:yarn.app.mapreduce.am.resource.cpu-vcores": "1",
                      "mapred:yarn.app.mapreduce.am.resource.mb": "3277",
                      "spark-env:SPARK_DAEMON_MEMORY": "2048m",
                      "spark:spark.driver.maxResultSize": "1024m",
                      "spark:spark.driver.memory": "2048m",
                      "spark:spark.executor.cores": "1",
                      "spark:spark.executor.instances": "2",
                      "spark:spark.executor.memory": "2893m",
                      "spark:spark.executorEnv.OPENBLAS_NUM_THREADS": "1",
                      "spark:spark.scheduler.mode": "FAIR",
                      "spark:spark.sql.cbo.enabled": "true",
                      "spark:spark.ui.port": "0",
                      "spark:spark.yarn.am.memory": "640m",
                      "yarn-env:YARN_NODEMANAGER_HEAPSIZE": "819",
                      "yarn-env:YARN_RESOURCEMANAGER_HEAPSIZE": "2048",
                      "yarn-env:YARN_TIMELINESERVER_HEAPSIZE": "2048",
                      "yarn:yarn.nodemanager.address": "0.0.0.0:8026",
                      "yarn:yarn.nodemanager.resource.cpu-vcores": "2",
                      "yarn:yarn.nodemanager.resource.memory-mb": "6554",
                      "yarn:yarn.resourcemanager.decommissioning-nodes-watcher.decommission-if-no-shuffle-data": "true",
                      "yarn:yarn.resourcemanager.nodemanager-graceful-decommission-timeout-secs": "86400",
                      "yarn:yarn.scheduler.maximum-allocation-mb": "6554",
                      "yarn:yarn.scheduler.minimum-allocation-mb": "1"
                    }
                  }
                ],
                "staging_bucket": "",
                "temp_bucket": "dataproc-temp-us-central1-488838915295-o3mpgxrh",
                "worker_config": [
                  {
                    "accelerators": [],
                    "disk_config": [
                      {
                        "boot_disk_size_gb": 30,
                        "boot_disk_type": "pd-standard",
                        "num_local_ssds": 0
                      }
                    ],
                    "image_uri": "https://www.googleapis.com/compute/v1/projects/cloud-dataproc/global/images/dataproc-2-1-deb11-20231128-155100-rc01",
                    "instance_names": [
                      "mycluster-w-0",
                      "mycluster-w-1"
                    ],
                    "machine_type": "e2-standard-2",
                    "min_cpu_platform": "AUTOMATIC",
                    "num_instances": 2
                  }
                ]
              }
            ],
            "graceful_decommission_timeout": "120s",
            "id": "projects/spark-etl-407013/regions/us-central1/clusters/mycluster",
            "labels": {
              "goog-dataproc-autozone": "enabled",
              "goog-dataproc-cluster-name": "mycluster",
              "goog-dataproc-cluster-uuid": "a8a6153c-b9e2-4dc3-9a7c-1954fb54c44a",
              "goog-dataproc-location": "us-central1"
            },
            "name": "mycluster",
            "project": "spark-etl-407013",
            "region": "us-central1",
            "timeouts": null,
            "virtual_cluster_config": []
          },
          "sensitive_attributes": [],
          "private": "eyJlMmJmYjczMC1lY2FhLTExZTYtOGY4OC0zNDM2M2JjN2M0YzAiOnsiY3JlYXRlIjoyNzAwMDAwMDAwMDAwLCJkZWxldGUiOjI3MDAwMDAwMDAwMDAsInVwZGF0ZSI6MjcwMDAwMDAwMDAwMH19"
        }
      ]
    },
    {
      "mode": "managed",
      "type": "google_service_account",
      "name": "default",
      "provider": "provider[\"registry.terraform.io/hashicorp/google\"]",
      "instances": [
        {
          "schema_version": 0,
          "attributes": {
            "account_id": "service-account-id",
            "description": "",
            "disabled": false,
            "display_name": "Service Account",
            "email": "service-account-id@spark-etl-407013.iam.gserviceaccount.com",
            "id": "projects/spark-etl-407013/serviceAccounts/service-account-id@spark-etl-407013.iam.gserviceaccount.com",
            "member": "serviceAccount:service-account-id@spark-etl-407013.iam.gserviceaccount.com",
            "name": "projects/spark-etl-407013/serviceAccounts/service-account-id@spark-etl-407013.iam.gserviceaccount.com",
            "project": "spark-etl-407013",
            "timeouts": null,
            "unique_id": "113337719927998340365"
          },
          "sensitive_attributes": [],
          "private": "eyJlMmJmYjczMC1lY2FhLTExZTYtOGY4OC0zNDM2M2JjN2M0YzAiOnsiY3JlYXRlIjozMDAwMDAwMDAwMDB9fQ=="
        }
      ]
    },
    {
      "mode": "managed",
      "type": "google_storage_bucket",
      "name": "spark_housing",
      "provider": "provider[\"registry.terraform.io/hashicorp/google\"]",
      "instances": [
        {
          "schema_version": 0,
          "attributes": {
            "autoclass": [],
            "cors": [],
            "custom_placement_config": [],
            "default_event_based_hold": false,
            "encryption": [],
            "force_destroy": true,
            "id": "spark_housing",
            "labels": {},
            "lifecycle_rule": [],
            "location": "US-CENTRAL1",
            "logging": [],
            "name": "spark_housing",
            "project": "spark-etl-407013",
            "public_access_prevention": "inherited",
            "requester_pays": false,
            "retention_policy": [],
            "self_link": "https://www.googleapis.com/storage/v1/b/spark_housing",
            "storage_class": "STANDARD",
            "timeouts": null,
            "uniform_bucket_level_access": false,
            "url": "gs://spark_housing",
            "versioning": [],
            "website": []
          },
          "sensitive_attributes": [],
          "private": "eyJlMmJmYjczMC1lY2FhLTExZTYtOGY4OC0zNDM2M2JjN2M0YzAiOnsiY3JlYXRlIjoyNDAwMDAwMDAwMDAsInJlYWQiOjI0MDAwMDAwMDAwMCwidXBkYXRlIjoyNDAwMDAwMDAwMDB9fQ=="
        }
      ]
    },
    {
      "mode": "managed",
      "type": "google_storage_bucket_object",
      "name": "source_data",
      "provider": "provider[\"registry.terraform.io/hashicorp/google\"]",
      "instances": [
        {
          "schema_version": 0,
          "attributes": {
            "bucket": "spark_housing",
            "cache_control": "",
            "content": null,
            "content_disposition": "",
            "content_encoding": "",
            "content_language": "",
            "content_type": "csv",
            "crc32c": "mcDmeQ==",
            "customer_encryption": [],
            "detect_md5hash": "t36h8h22MDyMnE1EMizuEQ==",
            "event_based_hold": false,
            "id": "spark_housing-LZ/source_housing_data.csv",
            "kms_key_name": "",
            "md5hash": "t36h8h22MDyMnE1EMizuEQ==",
            "media_link": "https://storage.googleapis.com/download/storage/v1/b/spark_housing/o/LZ%2Fsource_housing_data.csv?generation=1701685326114733\u0026alt=media",
            "metadata": null,
            "name": "LZ/source_housing_data.csv",
            "output_name": "LZ/source_housing_data.csv",
            "self_link": "https://www.googleapis.com/storage/v1/b/spark_housing/o/LZ%2Fsource_housing_data.csv",
            "source": "HouseListings-Top45Cities-10292023-kaggle.csv",
            "storage_class": "STANDARD",
            "temporary_hold": false,
            "timeouts": null
          },
          "sensitive_attributes": [],
          "private": "eyJlMmJmYjczMC1lY2FhLTExZTYtOGY4OC0zNDM2M2JjN2M0YzAiOnsiY3JlYXRlIjoyNDAwMDAwMDAwMDAsImRlbGV0ZSI6MjQwMDAwMDAwMDAwLCJ1cGRhdGUiOjI0MDAwMDAwMDAwMH19",
          "dependencies": [
            "google_storage_bucket.spark_housing"
          ]
        }
      ]
    }
  ],
  "check_results": null
}
